
Microsoft Visual Studio Solution File, Format Version 12.00
# Visual Studio Version 17
VisualStudioVersion = 17.0.32112.339
MinimumVisualStudioVersion = 10.0.40219.1
Project("{9A19103F-16F7-4668-BE54-9A1E7A4F7556}") = "CarShop", "CarShop\CarShop.csproj", "{0CF7FA2B-00BC-439E-AD31-14E7C543538E}"
EndProject
Project("{9A19103F-16F7-4668-BE54-9A1E7A4F7556}") = "CarShop.Core", "CarShop.Core\CarShop.Core.csproj", "{31F7FD6F-3A51-4E5D-B2B9-25432AE97B6A}"
EndProject
Project("{9A19103F-16F7-4668-BE54-9A1E7A4F7556}") = "CarShop.Infrastructure", "CarShop.Infrastructure\CarShop.Infrastructure.csproj", "{79050907-7336-4C8F-8DB8-EC28AC892AC9}"
EndProject
Global
	GlobalSection(SolutionConfigurationPlatforms) = preSolution
		Debug|Any CPU = Debug|Any CPU
		Release|Any CPU = Release|Any CPU
	EndGlobalSection
	GlobalSection(ProjectConfigurationPlatforms) = postSolution
		{0CF7FA2B-00BC-439E-AD31-14E7C543538E}.Debug|Any CPU.ActiveCfg = Debug|Any CPU
		{0CF7FA2B-00BC-439E-AD31-14E7C543538E}.Debug|Any CPU.Build.0 = Debug|Any CPU
		{0CF7FA2B-00BC-439E-AD31-14E7C543538E}.Release|Any CPU.ActiveCfg = Release|Any CPU
		{0CF7FA2B-00BC-439E-AD31-14E7C543538E}.Release|Any CPU.Build.0 = Release|Any CPU
		{31F7FD6F-3A51-4E5D-B2B9-25432AE97B6A}.Debug|Any CPU.ActiveCfg = Debug|Any CPU
		{31F7FD6F-3A51-4E5D-B2B9-25432AE97B6A}.Debug|Any CPU.Build.0 = Debug|Any CPU
		{31F7FD6F-3A51-4E5D-B2B9-25432AE97B6A}.Release|Any CPU.ActiveCfg = Release|Any CPU
		{31F7FD6F-3A51-4E5D-B2B9-25432AE97B6A}.Release|Any CPU.Build.0 = Release|Any CPU
		{79050907-7336-4C8F-8DB8-EC28AC892AC9}.Debug|Any CPU.ActiveCfg = Debug|Any CPU
		{79050907-7336-4C8F-8DB8-EC28AC892AC9}.Debug|Any CPU.Build.0 = Debug|Any CPU
		{79050907-7336-4C8F-8DB8-EC28AC892AC9}.Release|Any CPU.ActiveCfg = Release|Any CPU
		{79050907-7336-4C8F-8DB8-EC28AC892AC9}.Release|Any CPU.Build.0 = Release|Any CPU
	EndGlobalSection
	GlobalSection(SolutionProperties) = preSolution
		HideSolutionNode = FALSE
	EndGlobalSection
	GlobalSection(ExtensibilityGlobals) = postSolution
		SolutionGuid = {2E6EBEBB-95DC-4931-AFF4-EA3403F7909A}
	EndGlobalSection
EndGlobal
